<?xml version="1.0" encoding="utf-8"?>
<Project ToolsVersion="4.0" xmlns="http://schemas.microsoft.com/developer/msbuild/2003">
  <ItemGroup>
    <Filter Include="소스 파일">
      <UniqueIdentifier>{4FC737F1-C7A5-4376-A066-2A32D752A2FF}</UniqueIdentifier>
      <Extensions>cpp;c;cc;cxx;c++;cppm;ixx;def;odl;idl;hpj;bat;asm;asmx</Extensions>
    </Filter>
    <Filter Include="헤더 파일">
      <UniqueIdentifier>{93995380-89BD-4b04-88EB-625FBE52EBFB}</UniqueIdentifier>
      <Extensions>h;hh;hpp;hxx;h++;hm;inl;inc;ipp;xsd</Extensions>
    </Filter>
    <Filter Include="리소스 파일">
      <UniqueIdentifier>{67DA6AB6-F800-4c08-8B7A-83BB121AAD01}</UniqueIdentifier>
      <Extensions>rc;ico;cur;bmp;dlg;rc2;rct;bin;rgs;gif;jpg;jpeg;jpe;resx;tiff;tif;png;wav;mfcribbon-ms</Extensions>
    </Filter>
    <Filter Include="Session">
      <UniqueIdentifier>{805a10ab-86a6-4365-a651-7497a1110754}</UniqueIdentifier>
    </Filter>
    <Filter Include="Object">
      <UniqueIdentifier>{56808a45-b8a6-40c1-a0f0-df766c4190a3}</UniqueIdentifier>
    </Filter>
    <Filter Include="Map">
      <UniqueIdentifier>{3a18bc02-7258-4cdc-921c-033f18b2f8c9}</UniqueIdentifier>
    </Filter>
  </ItemGroup>
  <ItemGroup>
    <ClCompile Include="main.cpp">
      <Filter>소스 파일</Filter>
    </ClCompile>
    <ClCompile Include="..\..\ExternalLibrary\Session\ReceiveBuffer.cpp">
      <Filter>Session</Filter>
    </ClCompile>
    <ClCompile Include="..\..\ExternalLibrary\Session\SendBuffer.cpp">
      <Filter>Session</Filter>
    </ClCompile>
    <ClCompile Include="..\..\ExternalLibrary\Session\Session.cpp">
      <Filter>Session</Filter>
    </ClCompile>
    <ClCompile Include="..\..\ExternalLibrary\Session\TCPIO.cpp">
      <Filter>Session</Filter>
    </ClCompile>
    <ClCompile Include="..\..\ExternalLibrary\Session\pch.cpp">
      <Filter>Session</Filter>
    </ClCompile>
    <ClCompile Include="Object\Object.cpp">
      <Filter>Object</Filter>
    </ClCompile>
    <ClCompile Include="pch.cpp">
      <Filter>소스 파일</Filter>
    </ClCompile>
    <ClCompile Include="Map\Map.cpp">
      <Filter>Map</Filter>
    </ClCompile>
    <ClCompile Include="Map\Action.cpp">
      <Filter>Map</Filter>
    </ClCompile>
  </ItemGroup>
  <ItemGroup>
    <ClInclude Include="..\..\ExternalLibrary\Session\ReceiveBuffer.h">
      <Filter>Session</Filter>
    </ClInclude>
    <ClInclude Include="..\..\ExternalLibrary\Session\SendBuffer.h">
      <Filter>Session</Filter>
    </ClInclude>
    <ClInclude Include="..\..\ExternalLibrary\Session\Session.h">
      <Filter>Session</Filter>
    </ClInclude>
    <ClInclude Include="..\..\ExternalLibrary\Session\TCPIO.h">
      <Filter>Session</Filter>
    </ClInclude>
    <ClInclude Include="..\..\ExternalLibrary\Session\pch.h">
      <Filter>Session</Filter>
    </ClInclude>
    <ClInclude Include="Object\Object.h">
      <Filter>Object</Filter>
    </ClInclude>
    <ClInclude Include="pch.h">
      <Filter>헤더 파일</Filter>
    </ClInclude>
    <ClInclude Include="Map\Map.h">
      <Filter>Map</Filter>
    </ClInclude>
    <ClInclude Include="Map\Action.h">
      <Filter>Map</Filter>
    </ClInclude>
  </ItemGroup>
</Project>